
Microsoft Visual Studio Solution File, Format Version 12.00
# Visual Studio Version 17
VisualStudioVersion = 17.4.33213.308
MinimumVisualStudioVersion = 10.0.40219.1
Project("{FAE04EC0-301F-11D3-BF4B-00C04F79EFBC}") = "Proyecto I", "Proyecto I\Proyecto I.csproj", "{92B66F84-1BD4-490A-827A-AFB7063B609B}"
EndProject
Global
	GlobalSection(SolutionConfigurationPlatforms) = preSolution
		Debug|Any CPU = Debug|Any CPU
		Release|Any CPU = Release|Any CPU
	EndGlobalSection
	GlobalSection(ProjectConfigurationPlatforms) = postSolution
		{92B66F84-1BD4-490A-827A-AFB7063B609B}.Debug|Any CPU.ActiveCfg = Debug|Any CPU
		{92B66F84-1BD4-490A-827A-AFB7063B609B}.Debug|Any CPU.Build.0 = Debug|Any CPU
		{92B66F84-1BD4-490A-827A-AFB7063B609B}.Release|Any CPU.ActiveCfg = Release|Any CPU
		{92B66F84-1BD4-490A-827A-AFB7063B609B}.Release|Any CPU.Build.0 = Release|Any CPU
	EndGlobalSection
	GlobalSection(SolutionProperties) = preSolution
		HideSolutionNode = FALSE
	EndGlobalSection
	GlobalSection(ExtensibilityGlobals) = postSolution
		SolutionGuid = {D23AB16C-63E0-466D-B355-73FBEF5D32DF}
	EndGlobalSection
EndGlobal
